
Microsoft Visual Studio Solution File, Format Version 12.00
# Visual Studio 15
Project("{FAE04EC0-301F-11D3-BF4B-00C04F79EFBC}") = "ValidateOCRApp", "ValidateOCRApp\ValidateOCRApp.csproj", "{2DB89A42-7653-4E86-85DA-9C8305DA4D37}"
EndProject
Global
	GlobalSection(SolutionConfigurationPlatforms) = preSolution
		Debug|Any CPU = Debug|Any CPU
		Release|Any CPU = Release|Any CPU
	EndGlobalSection
	GlobalSection(ProjectConfigurationPlatforms) = postSolution
		{2DB89A42-7653-4E86-85DA-9C8305DA4D37}.Debug|Any CPU.ActiveCfg = Debug|Any CPU
		{2DB89A42-7653-4E86-85DA-9C8305DA4D37}.Debug|Any CPU.Build.0 = Debug|Any CPU
		{2DB89A42-7653-4E86-85DA-9C8305DA4D37}.Release|Any CPU.ActiveCfg = Release|Any CPU
		{2DB89A42-7653-4E86-85DA-9C8305DA4D37}.Release|Any CPU.Build.0 = Release|Any CPU
	EndGlobalSection
EndGlobal
